// !$*UTF8*$!
{
	archiveVersion = 1;
	classes = {
	};
	objectVersion = 55;
	objects = {

/* Begin PBXBuildFile section */
		70F544EB27FE2D0500477DBB /* GoToDoApp.swift in Sources */ = {isa = PBXBuildFile; fileRef = 70F544EA27FE2D0500477DBB /* GoToDoApp.swift */; };
		70F544ED27FE2D0500477DBB /* ContentView.swift in Sources */ = {isa = PBXBuildFile; fileRef = 70F544EC27FE2D0500477DBB /* ContentView.swift */; };
		70F544EF27FE2D0600477DBB /* Assets.xcassets in Resources */ = {isa = PBXBuildFile; fileRef = 70F544EE27FE2D0600477DBB /* Assets.xcassets */; };
		70F544F227FE2D0700477DBB /* Preview Assets.xcassets in Resources */ = {isa = PBXBuildFile; fileRef = 70F544F127FE2D0700477DBB /* Preview Assets.xcassets */; };
		70F544F427FE2D0700477DBB /* Persistence.swift in Sources */ = {isa = PBXBuildFile; fileRef = 70F544F327FE2D0700477DBB /* Persistence.swift */; };
		70F544F727FE2D0700477DBB /* GoToDo.xcdatamodeld in Sources */ = {isa = PBXBuildFile; fileRef = 70F544F527FE2D0700477DBB /* GoToDo.xcdatamodeld */; };
/* End PBXBuildFile section */

/* Begin PBXFileReference section */
		70F544E727FE2D0500477DBB /* GoToDo.app */ = {isa = PBXFileReference; explicitFileType = wrapper.application; includeInIndex = 0; path = GoToDo.app; sourceTree = BUILT_PRODUCTS_DIR; };
		70F544EA27FE2D0500477DBB /* GoToDoApp.swift */ = {isa = PBXFileReference; lastKnownFileType = sourcecode.swift; path = GoToDoApp.swift; sourceTree = "<group>"; };
		70F544EC27FE2D0500477DBB /* ContentView.swift */ = {isa = PBXFileReference; lastKnownFileType = sourcecode.swift; path = ContentView.swift; sourceTree = "<group>"; };
		70F544EE27FE2D0600477DBB /* Assets.xcassets */ = {isa = PBXFileReference; lastKnownFileType = folder.assetcatalog; path = Assets.xcassets; sourceTree = "<group>"; };
		70F544F127FE2D0700477DBB /* Preview Assets.xcassets */ = {isa = PBXFileReference; lastKnownFileType = folder.assetcatalog; path = "Preview Assets.xcassets"; sourceTree = "<group>"; };
		70F544F327FE2D0700477DBB /* Persistence.swift */ = {isa = PBXFileReference; lastKnownFileType = sourcecode.swift; path = Persistence.swift; sourceTree = "<group>"; };
		70F544F627FE2D0700477DBB /* GoToDo.xcdatamodel */ = {isa = PBXFileReference; lastKnownFileType = wrapper.xcdatamodel; path = GoToDo.xcdatamodel; sourceTree = "<group>"; };
		70F544F827FE2D0700477DBB /* GoToDo.entitlements */ = {isa = PBXFileReference; lastKnownFileType = text.plist.entitlements; path = GoToDo.entitlements; sourceTree = "<group>"; };
/* End PBXFileReference section */

/* Begin PBXFrameworksBuildPhase section */
		70F544E427FE2D0500477DBB /* Frameworks */ = {
			isa = PBXFrameworksBuildPhase;
			buildActionMask = 2147483647;
			files = (
			);
			runOnlyForDeploymentPostprocessing = 0;
		};
/* End PBXFrameworksBuildPhase section */

/* Begin PBXGroup section */
		70F544DE27FE2D0500477DBB = {
			isa = PBXGroup;
			children = (
				70F544E927FE2D0500477DBB /* GoToDo */,
				70F544E827FE2D0500477DBB /* Products */,
			);
			sourceTree = "<group>";
		};
		70F544E827FE2D0500477DBB /* Products */ = {
			isa = PBXGroup;
			children = (
				70F544E727FE2D0500477DBB /* GoToDo.app */,
			);
			name = Products;
			sourceTree = "<group>";
		};
		70F544E927FE2D0500477DBB /* GoToDo */ = {
			isa = PBXGroup;
			children = (
				70F544EA27FE2D0500477DBB /* GoToDoApp.swift */,
				70F544EC27FE2D0500477DBB /* ContentView.swift */,
				70F544EE27FE2D0600477DBB /* Assets.xcassets */,
				70F544F327FE2D0700477DBB /* Persistence.swift */,
				70F544F827FE2D0700477DBB /* GoToDo.entitlements */,
				70F544F527FE2D0700477DBB /* GoToDo.xcdatamodeld */,
				70F544F027FE2D0700477DBB /* Preview Content */,
			);
			path = GoToDo;
			sourceTree = "<group>";
		};
		70F544F027FE2D0700477DBB /* Preview Content */ = {
			isa = PBXGroup;
			children = (
				70F544F127FE2D0700477DBB /* Preview Assets.xcassets */,
			);
			path = "Preview Content";
			sourceTree = "<group>";
		};
/* End PBXGroup section */

/* Begin PBXNativeTarget section */
		70F544E627FE2D0500477DBB /* GoToDo */ = {
			isa = PBXNativeTarget;
			buildConfigurationList = 70F544FB27FE2D0700477DBB /* Build configuration list for PBXNativeTarget "GoToDo" */;
			buildPhases = (
				70F544E327FE2D0500477DBB /* Sources */,
				70F544E427FE2D0500477DBB /* Frameworks */,
				70F544E527FE2D0500477DBB /* Resources */,
			);
			buildRules = (
			);
			dependencies = (
			);
			name = GoToDo;
			productName = GoToDo;
			productReference = 70F544E727FE2D0500477DBB /* GoToDo.app */;
			productType = "com.apple.product-type.application";
		};
/* End PBXNativeTarget section */

/* Begin PBXProject section */
		70F544DF27FE2D0500477DBB /* Project object */ = {
			isa = PBXProject;
			attributes = {
				BuildIndependentTargetsInParallel = 1;
				LastSwiftUpdateCheck = 1330;
				LastUpgradeCheck = 1330;
				TargetAttributes = {
					70F544E627FE2D0500477DBB = {
						CreatedOnToolsVersion = 13.3;
					};
				};
			};
			buildConfigurationList = 70F544E227FE2D0500477DBB /* Build configuration list for PBXProject "GoToDo" */;
			compatibilityVersion = "Xcode 13.0";
			developmentRegion = en;
			hasScannedForEncodings = 0;
			knownRegions = (
				en,
				Base,
			);
			mainGroup = 70F544DE27FE2D0500477DBB;
			productRefGroup = 70F544E827FE2D0500477DBB /* Products */;
			projectDirPath = "";
			projectRoot = "";
			targets = (
				70F544E627FE2D0500477DBB /* GoToDo */,
			);
		};
/* End PBXProject section */

/* Begin PBXResourcesBuildPhase section */
		70F544E527FE2D0500477DBB /* Resources */ = {
			isa = PBXResourcesBuildPhase;
			buildActionMask = 2147483647;
			files = (
				70F544F227FE2D0700477DBB /* Preview Assets.xcassets in Resources */,
				70F544EF27FE2D0600477DBB /* Assets.xcassets in Resources */,
			);
			runOnlyForDeploymentPostprocessing = 0;
		};
/* End PBXResourcesBuildPhase section */

/* Begin PBXSourcesBuildPhase section */
		70F544E327FE2D0500477DBB /* Sources */ = {
			isa = PBXSourcesBuildPhase;
			buildActionMask = 2147483647;
			files = (
				70F544F427FE2D0700477DBB /* Persistence.swift in Sources */,
				70F544ED27FE2D0500477DBB /* ContentView.swift in Sources */,
				70F544EB27FE2D0500477DBB /* GoToDoApp.swift in Sources */,
				70F544F727FE2D0700477DBB /* GoToDo.xcdatamodeld in Sources */,
			);
			runOnlyForDeploymentPostprocessing = 0;
		};
/* End PBXSourcesBuildPhase section */

/* Begin XCBuildConfiguration section */
		70F544F927FE2D0700477DBB /* Debug */ = {
			isa = XCBuildConfiguration;
			buildSettings = {
				ALWAYS_SEARCH_USER_PATHS = NO;
				CLANG_ANALYZER_NONNULL = YES;
				CLANG_ANALYZER_NUMBER_OBJECT_CONVERSION = YES_AGGRESSIVE;
				CLANG_CXX_LANGUAGE_STANDARD = "gnu++17";
				CLANG_ENABLE_MODULES = YES;
				CLANG_ENABLE_OBJC_ARC = YES;
				CLANG_ENABLE_OBJC_WEAK = YES;
				CLANG_WARN_BLOCK_CAPTURE_AUTORELEASING = YES;
				CLANG_WARN_BOOL_CONVERSION = YES;
				CLANG_WARN_COMMA = YES;
				CLANG_WARN_CONSTANT_CONVERSION = YES;
				CLANG_WARN_DEPRECATED_OBJC_IMPLEMENTATIONS = YES;
				CLANG_WARN_DIRECT_OBJC_ISA_USAGE = YES_ERROR;
				CLANG_WARN_DOCUMENTATION_COMMENTS = YES;
				CLANG_WARN_EMPTY_BODY = YES;
				CLANG_WARN_ENUM_CONVERSION = YES;
				CLANG_WARN_INFINITE_RECURSION = YES;
				CLANG_WARN_INT_CONVERSION = YES;
				CLANG_WARN_NON_LITERAL_NULL_CONVERSION = YES;
				CLANG_WARN_OBJC_IMPLICIT_RETAIN_SELF = YES;
				CLANG_WARN_OBJC_LITERAL_CONVERSION = YES;
				CLANG_WARN_OBJC_ROOT_CLASS = YES_ERROR;
				CLANG_WARN_QUOTED_INCLUDE_IN_FRAMEWORK_HEADER = YES;
				CLANG_WARN_RANGE_LOOP_ANALYSIS = YES;
				CLANG_WARN_STRICT_PROTOTYPES = YES;
				CLANG_WARN_SUSPICIOUS_MOVE = YES;
				CLANG_WARN_UNGUARDED_AVAILABILITY = YES_AGGRESSIVE;
				CLANG_WARN_UNREACHABLE_CODE = YES;
				CLANG_WARN__DUPLICATE_METHOD_MATCH = YES;
				COPY_PHASE_STRIP = NO;
				DEBUG_INFORMATION_FORMAT = dwarf;
				ENABLE_STRICT_OBJC_MSGSEND = YES;
				ENABLE_TESTABILITY = YES;
				GCC_C_LANGUAGE_STANDARD = gnu11;
				GCC_DYNAMIC_NO_PIC = NO;
				GCC_NO_COMMON_BLOCKS = YES;
				GCC_OPTIMIZATION_LEVEL = 0;
				GCC_PREPROCESSOR_DEFINITIONS = (
					"DEBUG=1",
					"$(inherited)",
				);
				GCC_WARN_64_TO_32_BIT_CONVERSION = YES;
				GCC_WARN_ABOUT_RETURN_TYPE = YES_ERROR;
				GCC_WARN_UNDECLARED_SELECTOR = YES;
				GCC_WARN_UNINITIALIZED_AUTOS = YES_AGGRESSIVE;
				GCC_WARN_UNUSED_FUNCTION = YES;
				GCC_WARN_UNUSED_VARIABLE = YES;
				MACOSX_DEPLOYMENT_TARGET = 12.2;
				MTL_ENABLE_DEBUG_INFO = INCLUDE_SOURCE;
				MTL_FAST_MATH = YES;
				ONLY_ACTIVE_ARCH = YES;
				SDKROOT = macosx;
				SWIFT_ACTIVE_COMPILATION_CONDITIONS = DEBUG;
				SWIFT_OPTIMIZATION_LEVEL = "-Onone";
			};
			name = Debug;
		};
		70F544FA27FE2D0700477DBB /* Release */ = {
			isa = XCBuildConfiguration;
			buildSettings = {
				ALWAYS_SEARCH_USER_PATHS = NO;
				CLANG_ANALYZER_NONNULL = YES;
				CLANG_ANALYZER_NUMBER_OBJECT_CONVERSION = YES_AGGRESSIVE;
				CLANG_CXX_LANGUAGE_STANDARD = "gnu++17";
				CLANG_ENABLE_MODULES = YES;
				CLANG_ENABLE_OBJC_ARC = YES;
				CLANG_ENABLE_OBJC_WEAK = YES;
				CLANG_WARN_BLOCK_CAPTURE_AUTORELEASING = YES;
				CLANG_WARN_BOOL_CONVERSION = YES;
				CLANG_WARN_COMMA = YES;
				CLANG_WARN_CONSTANT_CONVERSION = YES;
				CLANG_WARN_DEPRECATED_OBJC_IMPLEMENTATIONS = YES;
				CLANG_WARN_DIRECT_OBJC_ISA_USAGE = YES_ERROR;
				CLANG_WARN_DOCUMENTATION_COMMENTS = YES;
				CLANG_WARN_EMPTY_BODY = YES;
				CLANG_WARN_ENUM_CONVERSION = YES;
				CLANG_WARN_INFINITE_RECURSION = YES;
				CLANG_WARN_INT_CONVERSION = YES;
				CLANG_WARN_NON_LITERAL_NULL_CONVERSION = YES;
				CLANG_WARN_OBJC_IMPLICIT_RETAIN_SELF = YES;
				CLANG_WARN_OBJC_LITERAL_CONVERSION = YES;
				CLANG_WARN_OBJC_ROOT_CLASS = YES_ERROR;
				CLANG_WARN_QUOTED_INCLUDE_IN_FRAMEWORK_HEADER = YES;
				CLANG_WARN_RANGE_LOOP_ANALYSIS = YES;
				CLANG_WARN_STRICT_PROTOTYPES = YES;
				CLANG_WARN_SUSPICIOUS_MOVE = YES;
				CLANG_WARN_UNGUARDED_AVAILABILITY = YES_AGGRESSIVE;
				CLANG_WARN_UNREACHABLE_CODE = YES;
				CLANG_WARN__DUPLICATE_METHOD_MATCH = YES;
				COPY_PHASE_STRIP = NO;
				DEBUG_INFORMATION_FORMAT = "dwarf-with-dsym";
				ENABLE_NS_ASSERTIONS = NO;
				ENABLE_STRICT_OBJC_MSGSEND = YES;
				GCC_C_LANGUAGE_STANDARD = gnu11;
				GCC_NO_COMMON_BLOCKS = YES;
				GCC_WARN_64_TO_32_BIT_CONVERSION = YES;
				GCC_WARN_ABOUT_RETURN_TYPE = YES_ERROR;
				GCC_WARN_UNDECLARED_SELECTOR = YES;
				GCC_WARN_UNINITIALIZED_AUTOS = YES_AGGRESSIVE;
				GCC_WARN_UNUSED_FUNCTION = YES;
				GCC_WARN_UNUSED_VARIABLE = YES;
				MACOSX_DEPLOYMENT_TARGET = 12.2;
				MTL_ENABLE_DEBUG_INFO = NO;
				MTL_FAST_MATH = YES;
				SDKROOT = macosx;
				SWIFT_COMPILATION_MODE = wholemodule;
				SWIFT_OPTIMIZATION_LEVEL = "-O";
			};
			name = Release;
		};
		70F544FC27FE2D0700477DBB /* Debug */ = {
			isa = XCBuildConfiguration;
			buildSettings = {
				ASSETCATALOG_COMPILER_APPICON_NAME = AppIcon;
				ASSETCATALOG_COMPILER_GLOBAL_ACCENT_COLOR_NAME = AccentColor;
				CODE_SIGN_ENTITLEMENTS = GoToDo/GoToDo.entitlements;
				CODE_SIGN_STYLE = Automatic;
				COMBINE_HIDPI_IMAGES = YES;
				CURRENT_PROJECT_VERSION = 1;
				DEVELOPMENT_ASSET_PATHS = "\"GoToDo/Preview Content\"";
				DEVELOPMENT_TEAM = 8Q9FCUT3E8;
				ENABLE_HARDENED_RUNTIME = YES;
				ENABLE_PREVIEWS = YES;
				GENERATE_INFOPLIST_FILE = YES;
				INFOPLIST_KEY_NSHumanReadableCopyright = "";
				LD_RUNPATH_SEARCH_PATHS = (
					"$(inherited)",
					"@executable_path/../Frameworks",
				);
				MARKETING_VERSION = 1.0;
				PRODUCT_BUNDLE_IDENTIFIER = com.shles.GoToDo;
				PRODUCT_NAME = "$(TARGET_NAME)";
				SWIFT_EMIT_LOC_STRINGS = YES;
				SWIFT_VERSION = 5.0;
			};
			name = Debug;
		};
		70F544FD27FE2D0700477DBB /* Release */ = {
			isa = XCBuildConfiguration;
			buildSettings = {
				ASSETCATALOG_COMPILER_APPICON_NAME = AppIcon;
				ASSETCATALOG_COMPILER_GLOBAL_ACCENT_COLOR_NAME = AccentColor;
				CODE_SIGN_ENTITLEMENTS = GoToDo/GoToDo.entitlements;
				CODE_SIGN_STYLE = Automatic;
				COMBINE_HIDPI_IMAGES = YES;
				CURRENT_PROJECT_VERSION = 1;
				DEVELOPMENT_ASSET_PATHS = "\"GoToDo/Preview Content\"";
				DEVELOPMENT_TEAM = 8Q9FCUT3E8;
				ENABLE_HARDENED_RUNTIME = YES;
				ENABLE_PREVIEWS = YES;
				GENERATE_INFOPLIST_FILE = YES;
				INFOPLIST_KEY_NSHumanReadableCopyright = "";
				LD_RUNPATH_SEARCH_PATHS = (
					"$(inherited)",
					"@executable_path/../Frameworks",
				);
				MARKETING_VERSION = 1.0;
				PRODUCT_BUNDLE_IDENTIFIER = com.shles.GoToDo;
				PRODUCT_NAME = "$(TARGET_NAME)";
				SWIFT_EMIT_LOC_STRINGS = YES;
				SWIFT_VERSION = 5.0;
			};
			name = Release;
		};
/* End XCBuildConfiguration section */

/* Begin XCConfigurationList section */
		70F544E227FE2D0500477DBB /* Build configuration list for PBXProject "GoToDo" */ = {
			isa = XCConfigurationList;
			buildConfigurations = (
				70F544F927FE2D0700477DBB /* Debug */,
				70F544FA27FE2D0700477DBB /* Release */,
			);
			defaultConfigurationIsVisible = 0;
			defaultConfigurationName = Release;
		};
		70F544FB27FE2D0700477DBB /* Build configuration list for PBXNativeTarget "GoToDo" */ = {
			isa = XCConfigurationList;
			buildConfigurations = (
				70F544FC27FE2D0700477DBB /* Debug */,
				70F544FD27FE2D0700477DBB /* Release */,
			);
			defaultConfigurationIsVisible = 0;
			defaultConfigurationName = Release;
		};
/* End XCConfigurationList section */

/* Begin XCVersionGroup section */
		70F544F527FE2D0700477DBB /* GoToDo.xcdatamodeld */ = {
			isa = XCVersionGroup;
			children = (
				70F544F627FE2D0700477DBB /* GoToDo.xcdatamodel */,
			);
			currentVersion = 70F544F627FE2D0700477DBB /* GoToDo.xcdatamodel */;
			path = GoToDo.xcdatamodeld;
			sourceTree = "<group>";
			versionGroupType = wrapper.xcdatamodel;
		};
/* End XCVersionGroup section */
	};
	rootObject = 70F544DF27FE2D0500477DBB /* Project object */;
}
